
Microsoft Visual Studio Solution File, Format Version 12.00
# Visual Studio Version 16
VisualStudioVersion = 16.0.30804.86
MinimumVisualStudioVersion = 10.0.40219.1
Project("{9A19103F-16F7-4668-BE54-9A1E7A4F7556}") = "DATN.API", "DATN.API\DATN.API.csproj", "{4A08C054-97A9-4D7D-82FD-26FD8402D96A}"
EndProject
Project("{9A19103F-16F7-4668-BE54-9A1E7A4F7556}") = "DATN.DAL", "DATN.DAL\DATN.DAL.csproj", "{7EB067B4-3196-4C5E-8392-A48EB4F2C674}"
EndProject
Project("{9A19103F-16F7-4668-BE54-9A1E7A4F7556}") = "DATN.Infrastructure", "DATN.Infrastructure\DATN.Infrastructure.csproj", "{6B7E560A-B2AC-444C-82C6-A6BEFAA169B1}"
EndProject
Global
	GlobalSection(SolutionConfigurationPlatforms) = preSolution
		Debug|Any CPU = Debug|Any CPU
		Release|Any CPU = Release|Any CPU
	EndGlobalSection
	GlobalSection(ProjectConfigurationPlatforms) = postSolution
		{4A08C054-97A9-4D7D-82FD-26FD8402D96A}.Debug|Any CPU.ActiveCfg = Debug|Any CPU
		{4A08C054-97A9-4D7D-82FD-26FD8402D96A}.Debug|Any CPU.Build.0 = Debug|Any CPU
		{4A08C054-97A9-4D7D-82FD-26FD8402D96A}.Release|Any CPU.ActiveCfg = Release|Any CPU
		{4A08C054-97A9-4D7D-82FD-26FD8402D96A}.Release|Any CPU.Build.0 = Release|Any CPU
		{7EB067B4-3196-4C5E-8392-A48EB4F2C674}.Debug|Any CPU.ActiveCfg = Debug|Any CPU
		{7EB067B4-3196-4C5E-8392-A48EB4F2C674}.Debug|Any CPU.Build.0 = Debug|Any CPU
		{7EB067B4-3196-4C5E-8392-A48EB4F2C674}.Release|Any CPU.ActiveCfg = Release|Any CPU
		{7EB067B4-3196-4C5E-8392-A48EB4F2C674}.Release|Any CPU.Build.0 = Release|Any CPU
		{6B7E560A-B2AC-444C-82C6-A6BEFAA169B1}.Debug|Any CPU.ActiveCfg = Debug|Any CPU
		{6B7E560A-B2AC-444C-82C6-A6BEFAA169B1}.Debug|Any CPU.Build.0 = Debug|Any CPU
		{6B7E560A-B2AC-444C-82C6-A6BEFAA169B1}.Release|Any CPU.ActiveCfg = Release|Any CPU
		{6B7E560A-B2AC-444C-82C6-A6BEFAA169B1}.Release|Any CPU.Build.0 = Release|Any CPU
	EndGlobalSection
	GlobalSection(SolutionProperties) = preSolution
		HideSolutionNode = FALSE
	EndGlobalSection
	GlobalSection(ExtensibilityGlobals) = postSolution
		SolutionGuid = {58EB043E-0BF8-4B71-943E-E52EB49B458D}
	EndGlobalSection
EndGlobal
